
Microsoft Visual Studio Solution File, Format Version 12.00
# Visual Studio Version 16
VisualStudioVersion = 16.0.31129.286
MinimumVisualStudioVersion = 10.0.40219.1
Project("{9A19103F-16F7-4668-BE54-9A1E7A4F7556}") = "Toggles", "src\Toggles\Toggles.csproj", "{A69883BA-7B9F-4875-AFBD-A20B87D00504}"
EndProject
Project("{2150E333-8FDC-42A3-9474-1A3956D46DE8}") = "Tests", "Tests", "{6B4DC4E6-8499-424F-8282-408071310B68}"
EndProject
Project("{9A19103F-16F7-4668-BE54-9A1E7A4F7556}") = "Toggles.Tests", "tests\Toggles.Tests\Toggles.Tests.csproj", "{5A4DFA02-CDDE-4CD9-91AB-A673CAA45800}"
EndProject
Project("{2150E333-8FDC-42A3-9474-1A3956D46DE8}") = "Nuget", "Nuget", "{D79B85EC-9879-4DE0-879E-5709F9F5F7E8}"
	ProjectSection(SolutionItems) = preProject
		nuget.config = nuget.config
	EndProjectSection
EndProject
Project("{9A19103F-16F7-4668-BE54-9A1E7A4F7556}") = "Toggles.Consul", "src\Toggles.Consul\Toggles.Consul.csproj", "{4B950F18-A772-4648-8FC5-3E36BC3CFCE9}"
EndProject
Project("{9A19103F-16F7-4668-BE54-9A1E7A4F7556}") = "Toggles.Consul.Tests", "tests\Toggles.Consul.Tests\Toggles.Consul.Tests.csproj", "{D77ED26C-1A6D-43C3-BD9A-A1298C04B475}"
EndProject
Project("{9A19103F-16F7-4668-BE54-9A1E7A4F7556}") = "Toggles.AspNetCore", "src\Toggles.AspNetCore\Toggles.AspNetCore.csproj", "{D6AF11D5-A683-44BF-8F43-40BE07D208EA}"
EndProject
Project("{2150E333-8FDC-42A3-9474-1A3956D46DE8}") = "build", "build", "{C6617C9D-8BC7-42D4-AAA4-4BE56FB77820}"
	ProjectSection(SolutionItems) = preProject
		.github\workflows\dotnet-build-deploy.yml = .github\workflows\dotnet-build-deploy.yml
	EndProjectSection
EndProject
Global
	GlobalSection(SolutionConfigurationPlatforms) = preSolution
		Debug|Any CPU = Debug|Any CPU
		Release|Any CPU = Release|Any CPU
	EndGlobalSection
	GlobalSection(ProjectConfigurationPlatforms) = postSolution
		{A69883BA-7B9F-4875-AFBD-A20B87D00504}.Debug|Any CPU.ActiveCfg = Debug|Any CPU
		{A69883BA-7B9F-4875-AFBD-A20B87D00504}.Debug|Any CPU.Build.0 = Debug|Any CPU
		{A69883BA-7B9F-4875-AFBD-A20B87D00504}.Release|Any CPU.ActiveCfg = Release|Any CPU
		{A69883BA-7B9F-4875-AFBD-A20B87D00504}.Release|Any CPU.Build.0 = Release|Any CPU
		{5A4DFA02-CDDE-4CD9-91AB-A673CAA45800}.Debug|Any CPU.ActiveCfg = Debug|Any CPU
		{5A4DFA02-CDDE-4CD9-91AB-A673CAA45800}.Debug|Any CPU.Build.0 = Debug|Any CPU
		{5A4DFA02-CDDE-4CD9-91AB-A673CAA45800}.Release|Any CPU.ActiveCfg = Release|Any CPU
		{5A4DFA02-CDDE-4CD9-91AB-A673CAA45800}.Release|Any CPU.Build.0 = Release|Any CPU
		{4B950F18-A772-4648-8FC5-3E36BC3CFCE9}.Debug|Any CPU.ActiveCfg = Debug|Any CPU
		{4B950F18-A772-4648-8FC5-3E36BC3CFCE9}.Debug|Any CPU.Build.0 = Debug|Any CPU
		{4B950F18-A772-4648-8FC5-3E36BC3CFCE9}.Release|Any CPU.ActiveCfg = Release|Any CPU
		{4B950F18-A772-4648-8FC5-3E36BC3CFCE9}.Release|Any CPU.Build.0 = Release|Any CPU
		{D77ED26C-1A6D-43C3-BD9A-A1298C04B475}.Debug|Any CPU.ActiveCfg = Debug|Any CPU
		{D77ED26C-1A6D-43C3-BD9A-A1298C04B475}.Debug|Any CPU.Build.0 = Debug|Any CPU
		{D77ED26C-1A6D-43C3-BD9A-A1298C04B475}.Release|Any CPU.ActiveCfg = Release|Any CPU
		{D77ED26C-1A6D-43C3-BD9A-A1298C04B475}.Release|Any CPU.Build.0 = Release|Any CPU
		{D6AF11D5-A683-44BF-8F43-40BE07D208EA}.Debug|Any CPU.ActiveCfg = Debug|Any CPU
		{D6AF11D5-A683-44BF-8F43-40BE07D208EA}.Debug|Any CPU.Build.0 = Debug|Any CPU
		{D6AF11D5-A683-44BF-8F43-40BE07D208EA}.Release|Any CPU.ActiveCfg = Release|Any CPU
		{D6AF11D5-A683-44BF-8F43-40BE07D208EA}.Release|Any CPU.Build.0 = Release|Any CPU
	EndGlobalSection
	GlobalSection(SolutionProperties) = preSolution
		HideSolutionNode = FALSE
	EndGlobalSection
	GlobalSection(NestedProjects) = preSolution
		{5A4DFA02-CDDE-4CD9-91AB-A673CAA45800} = {6B4DC4E6-8499-424F-8282-408071310B68}
		{D77ED26C-1A6D-43C3-BD9A-A1298C04B475} = {6B4DC4E6-8499-424F-8282-408071310B68}
	EndGlobalSection
	GlobalSection(ExtensibilityGlobals) = postSolution
		SolutionGuid = {B98A5DB0-D77B-4EC4-935F-D414212B3261}
	EndGlobalSection
EndGlobal
